// !$*UTF8*$!
{
	archiveVersion = 1;
	classes = {
	};
	objectVersion = 46;
	objects = {

/* Begin PBXBuildFile section */
		1D07C04F1CE2B8DE00DA2D0E /* JCRecommendTagsViewController.m in Sources */ = {isa = PBXBuildFile; fileRef = 1D07C04E1CE2B8DE00DA2D0E /* JCRecommendTagsViewController.m */; };
		1D07C0521CE36A6600DA2D0E /* JCTag.m in Sources */ = {isa = PBXBuildFile; fileRef = 1D07C0511CE36A6600DA2D0E /* JCTag.m */; };
		1D07C0561CE36BC000DA2D0E /* JCTagCell.m in Sources */ = {isa = PBXBuildFile; fileRef = 1D07C0541CE36BC000DA2D0E /* JCTagCell.m */; };
		1D07C0571CE36BC000DA2D0E /* JCTagCell.xib in Resources */ = {isa = PBXBuildFile; fileRef = 1D07C0551CE36BC000DA2D0E /* JCTagCell.xib */; };
		1D0C88391CDA4CCC00CF9264 /* Assets.xcassets in Resources */ = {isa = PBXBuildFile; fileRef = 1D0C88381CDA4CCC00CF9264 /* Assets.xcassets */; };
		1D0C88471CDA4CCC00CF9264 /* __Tests.m in Sources */ = {isa = PBXBuildFile; fileRef = 1D0C88461CDA4CCC00CF9264 /* __Tests.m */; };
		1D0C88521CDA4CCC00CF9264 /* __UITests.m in Sources */ = {isa = PBXBuildFile; fileRef = 1D0C88511CDA4CCC00CF9264 /* __UITests.m */; };
		1D16F2EA1CE776580011A88A /* JCQuickLoginBtn.m in Sources */ = {isa = PBXBuildFile; fileRef = 1D16F2E91CE776580011A88A /* JCQuickLoginBtn.m */; };
		1D16F2ED1CE828F40011A88A /* JCTextField.m in Sources */ = {isa = PBXBuildFile; fileRef = 1D16F2EC1CE828F40011A88A /* JCTextField.m */; };
		1D16F2F01CE846800011A88A /* JCLoginBtn.m in Sources */ = {isa = PBXBuildFile; fileRef = 1D16F2EF1CE846800011A88A /* JCLoginBtn.m */; };
		1D16F2F41CE958C90011A88A /* JCPushView.m in Sources */ = {isa = PBXBuildFile; fileRef = 1D16F2F31CE958C90011A88A /* JCPushView.m */; };
		1D16F2F61CE958D80011A88A /* JCPushView.xib in Resources */ = {isa = PBXBuildFile; fileRef = 1D16F2F51CE958D80011A88A /* JCPushView.xib */; };
		1DE92E081CDC7BC900E8DC69 /* JCEssenceController.m in Sources */ = {isa = PBXBuildFile; fileRef = 1DE92DE41CDC7BC900E8DC69 /* JCEssenceController.m */; };
		1DE92E091CDC7BC900E8DC69 /* JCFriendTrendsController.m in Sources */ = {isa = PBXBuildFile; fileRef = 1DE92DEA1CDC7BC900E8DC69 /* JCFriendTrendsController.m */; };
		1DE92E0A1CDC7BC900E8DC69 /* JCTabBarController.m in Sources */ = {isa = PBXBuildFile; fileRef = 1DE92DF01CDC7BC900E8DC69 /* JCTabBarController.m */; };
		1DE92E0B1CDC7BC900E8DC69 /* JCTabBar.m in Sources */ = {isa = PBXBuildFile; fileRef = 1DE92DF41CDC7BC900E8DC69 /* JCTabBar.m */; };
		1DE92E0C1CDC7BC900E8DC69 /* JCMeViewController.m in Sources */ = {isa = PBXBuildFile; fileRef = 1DE92DF81CDC7BC900E8DC69 /* JCMeViewController.m */; };
		1DE92E0D1CDC7BC900E8DC69 /* JCNewPostsController.m in Sources */ = {isa = PBXBuildFile; fileRef = 1DE92DFE1CDC7BC900E8DC69 /* JCNewPostsController.m */; };
		1DE92E0E1CDC7BC900E8DC69 /* AppDelegate.m in Sources */ = {isa = PBXBuildFile; fileRef = 1DE92E031CDC7BC900E8DC69 /* AppDelegate.m */; };
		1DE92E0F1CDC7BC900E8DC69 /* main.m in Sources */ = {isa = PBXBuildFile; fileRef = 1DE92E041CDC7BC900E8DC69 /* main.m */; };
		1DE92E101CDC7BC900E8DC69 /* UIView+JCExtension.m in Sources */ = {isa = PBXBuildFile; fileRef = 1DE92E071CDC7BC900E8DC69 /* UIView+JCExtension.m */; };
		1DE92E131CDC7C3E00E8DC69 /* JCNavigationController.m in Sources */ = {isa = PBXBuildFile; fileRef = 1DE92E121CDC7C3E00E8DC69 /* JCNavigationController.m */; };
		1DE92E1A1CDD727600E8DC69 /* UIBarButtonItem+JCNavigationItem.m in Sources */ = {isa = PBXBuildFile; fileRef = 1DE92E191CDD727600E8DC69 /* UIBarButtonItem+JCNavigationItem.m */; };
		1DE92E1C1CDDDD2900E8DC69 /* JCFriendTrendsController.xib in Resources */ = {isa = PBXBuildFile; fileRef = 1DE92E1B1CDDDD2900E8DC69 /* JCFriendTrendsController.xib */; };
		1DE92E201CDDE57A00E8DC69 /* JCRecommendViewController.m in Sources */ = {isa = PBXBuildFile; fileRef = 1DE92E1E1CDDE57A00E8DC69 /* JCRecommendViewController.m */; };
		1DE92E211CDDE57A00E8DC69 /* JCRecommendViewController.xib in Resources */ = {isa = PBXBuildFile; fileRef = 1DE92E1F1CDDE57A00E8DC69 /* JCRecommendViewController.xib */; };
		1DE92E241CDE1BEB00E8DC69 /* JCRecommandCategory.m in Sources */ = {isa = PBXBuildFile; fileRef = 1DE92E231CDE1BEB00E8DC69 /* JCRecommandCategory.m */; };
		1DE92E2D1CDE324E00E8DC69 /* JCRecommendCategoryCell.m in Sources */ = {isa = PBXBuildFile; fileRef = 1DE92E2B1CDE324E00E8DC69 /* JCRecommendCategoryCell.m */; };
		1DE92E2E1CDE324E00E8DC69 /* JCRecommendCategoryCell.xib in Resources */ = {isa = PBXBuildFile; fileRef = 1DE92E2C1CDE324E00E8DC69 /* JCRecommendCategoryCell.xib */; };
		1DE92E321CDEE51300E8DC69 /* JCRecommendUserCell.m in Sources */ = {isa = PBXBuildFile; fileRef = 1DE92E301CDEE51300E8DC69 /* JCRecommendUserCell.m */; };
		1DE92E331CDEE51300E8DC69 /* JCRecommendUserCell.xib in Resources */ = {isa = PBXBuildFile; fileRef = 1DE92E311CDEE51300E8DC69 /* JCRecommendUserCell.xib */; };
		1DE92E361CDEFACA00E8DC69 /* JCRecommandUser.m in Sources */ = {isa = PBXBuildFile; fileRef = 1DE92E351CDEFACA00E8DC69 /* JCRecommandUser.m */; };
		1DF2464B1CE4CEF90052C8C9 /* JCLoginController.m in Sources */ = {isa = PBXBuildFile; fileRef = 1DF246491CE4CEF90052C8C9 /* JCLoginController.m */; };
		1DF2464C1CE4CEF90052C8C9 /* JCLoginController.xib in Resources */ = {isa = PBXBuildFile; fileRef = 1DF2464A1CE4CEF90052C8C9 /* JCLoginController.xib */; };
		F16AE5D36B28B6EC395DD92D /* libPods.a in Frameworks */ = {isa = PBXBuildFile; fileRef = C6366FD6CA2C64F318DADAE1 /* libPods.a */; };
/* End PBXBuildFile section */

/* Begin PBXContainerItemProxy section */
		1D0C88431CDA4CCC00CF9264 /* PBXContainerItemProxy */ = {
			isa = PBXContainerItemProxy;
			containerPortal = 1D0C88211CDA4CCC00CF9264 /* Project object */;
			proxyType = 1;
			remoteGlobalIDString = 1D0C88281CDA4CCC00CF9264;
			remoteInfo = "百思";
		};
		1D0C884E1CDA4CCC00CF9264 /* PBXContainerItemProxy */ = {
			isa = PBXContainerItemProxy;
			containerPortal = 1D0C88211CDA4CCC00CF9264 /* Project object */;
			proxyType = 1;
			remoteGlobalIDString = 1D0C88281CDA4CCC00CF9264;
			remoteInfo = "百思";
		};
/* End PBXContainerItemProxy section */

/* Begin PBXFileReference section */
		1D07C04D1CE2B8DE00DA2D0E /* JCRecommendTagsViewController.h */ = {isa = PBXFileReference; fileEncoding = 4; lastKnownFileType = sourcecode.c.h; path = JCRecommendTagsViewController.h; sourceTree = "<group>"; };
		1D07C04E1CE2B8DE00DA2D0E /* JCRecommendTagsViewController.m */ = {isa = PBXFileReference; fileEncoding = 4; lastKnownFileType = sourcecode.c.objc; path = JCRecommendTagsViewController.m; sourceTree = "<group>"; };
		1D07C0501CE36A6600DA2D0E /* JCTag.h */ = {isa = PBXFileReference; fileEncoding = 4; lastKnownFileType = sourcecode.c.h; path = JCTag.h; sourceTree = "<group>"; };
		1D07C0511CE36A6600DA2D0E /* JCTag.m */ = {isa = PBXFileReference; fileEncoding = 4; lastKnownFileType = sourcecode.c.objc; path = JCTag.m; sourceTree = "<group>"; };
		1D07C0531CE36BC000DA2D0E /* JCTagCell.h */ = {isa = PBXFileReference; fileEncoding = 4; lastKnownFileType = sourcecode.c.h; path = JCTagCell.h; sourceTree = "<group>"; };
		1D07C0541CE36BC000DA2D0E /* JCTagCell.m */ = {isa = PBXFileReference; fileEncoding = 4; lastKnownFileType = sourcecode.c.objc; path = JCTagCell.m; sourceTree = "<group>"; };
		1D07C0551CE36BC000DA2D0E /* JCTagCell.xib */ = {isa = PBXFileReference; fileEncoding = 4; lastKnownFileType = file.xib; path = JCTagCell.xib; sourceTree = "<group>"; };
		1D0C88291CDA4CCC00CF9264 /* 百思.app */ = {isa = PBXFileReference; explicitFileType = wrapper.application; includeInIndex = 0; path = "百思.app"; sourceTree = BUILT_PRODUCTS_DIR; };
		1D0C88381CDA4CCC00CF9264 /* Assets.xcassets */ = {isa = PBXFileReference; lastKnownFileType = folder.assetcatalog; path = Assets.xcassets; sourceTree = "<group>"; };
		1D0C883D1CDA4CCC00CF9264 /* Info.plist */ = {isa = PBXFileReference; lastKnownFileType = text.plist.xml; path = Info.plist; sourceTree = "<group>"; };
		1D0C88421CDA4CCC00CF9264 /* 百思Tests.xctest */ = {isa = PBXFileReference; explicitFileType = wrapper.cfbundle; includeInIndex = 0; path = "百思Tests.xctest"; sourceTree = BUILT_PRODUCTS_DIR; };
		1D0C88461CDA4CCC00CF9264 /* __Tests.m */ = {isa = PBXFileReference; lastKnownFileType = sourcecode.c.objc; path = __Tests.m; sourceTree = "<group>"; };
		1D0C88481CDA4CCC00CF9264 /* Info.plist */ = {isa = PBXFileReference; lastKnownFileType = text.plist.xml; path = Info.plist; sourceTree = "<group>"; };
		1D0C884D1CDA4CCC00CF9264 /* 百思UITests.xctest */ = {isa = PBXFileReference; explicitFileType = wrapper.cfbundle; includeInIndex = 0; path = "百思UITests.xctest"; sourceTree = BUILT_PRODUCTS_DIR; };
		1D0C88511CDA4CCC00CF9264 /* __UITests.m */ = {isa = PBXFileReference; lastKnownFileType = sourcecode.c.objc; path = __UITests.m; sourceTree = "<group>"; };
		1D0C88531CDA4CCC00CF9264 /* Info.plist */ = {isa = PBXFileReference; lastKnownFileType = text.plist.xml; path = Info.plist; sourceTree = "<group>"; };
		1D16F2E81CE776580011A88A /* JCQuickLoginBtn.h */ = {isa = PBXFileReference; fileEncoding = 4; lastKnownFileType = sourcecode.c.h; path = JCQuickLoginBtn.h; sourceTree = "<group>"; };
		1D16F2E91CE776580011A88A /* JCQuickLoginBtn.m */ = {isa = PBXFileReference; fileEncoding = 4; lastKnownFileType = sourcecode.c.objc; path = JCQuickLoginBtn.m; sourceTree = "<group>"; };
		1D16F2EB1CE828F40011A88A /* JCTextField.h */ = {isa = PBXFileReference; fileEncoding = 4; lastKnownFileType = sourcecode.c.h; path = JCTextField.h; sourceTree = "<group>"; };
		1D16F2EC1CE828F40011A88A /* JCTextField.m */ = {isa = PBXFileReference; fileEncoding = 4; lastKnownFileType = sourcecode.c.objc; path = JCTextField.m; sourceTree = "<group>"; };
		1D16F2EE1CE846800011A88A /* JCLoginBtn.h */ = {isa = PBXFileReference; fileEncoding = 4; lastKnownFileType = sourcecode.c.h; path = JCLoginBtn.h; sourceTree = "<group>"; };
		1D16F2EF1CE846800011A88A /* JCLoginBtn.m */ = {isa = PBXFileReference; fileEncoding = 4; lastKnownFileType = sourcecode.c.objc; path = JCLoginBtn.m; sourceTree = "<group>"; };
		1D16F2F21CE958C90011A88A /* JCPushView.h */ = {isa = PBXFileReference; fileEncoding = 4; lastKnownFileType = sourcecode.c.h; path = JCPushView.h; sourceTree = "<group>"; };
		1D16F2F31CE958C90011A88A /* JCPushView.m */ = {isa = PBXFileReference; fileEncoding = 4; lastKnownFileType = sourcecode.c.objc; path = JCPushView.m; sourceTree = "<group>"; };
		1D16F2F51CE958D80011A88A /* JCPushView.xib */ = {isa = PBXFileReference; fileEncoding = 4; lastKnownFileType = file.xib; path = JCPushView.xib; sourceTree = "<group>"; };
		1DE92DE31CDC7BC900E8DC69 /* JCEssenceController.h */ = {isa = PBXFileReference; fileEncoding = 4; lastKnownFileType = sourcecode.c.h; path = JCEssenceController.h; sourceTree = "<group>"; };
		1DE92DE41CDC7BC900E8DC69 /* JCEssenceController.m */ = {isa = PBXFileReference; fileEncoding = 4; lastKnownFileType = sourcecode.c.objc; path = JCEssenceController.m; sourceTree = "<group>"; };
		1DE92DE91CDC7BC900E8DC69 /* JCFriendTrendsController.h */ = {isa = PBXFileReference; fileEncoding = 4; lastKnownFileType = sourcecode.c.h; path = JCFriendTrendsController.h; sourceTree = "<group>"; };
		1DE92DEA1CDC7BC900E8DC69 /* JCFriendTrendsController.m */ = {isa = PBXFileReference; fileEncoding = 4; lastKnownFileType = sourcecode.c.objc; path = JCFriendTrendsController.m; sourceTree = "<group>"; };
		1DE92DEF1CDC7BC900E8DC69 /* JCTabBarController.h */ = {isa = PBXFileReference; fileEncoding = 4; lastKnownFileType = sourcecode.c.h; path = JCTabBarController.h; sourceTree = "<group>"; };
		1DE92DF01CDC7BC900E8DC69 /* JCTabBarController.m */ = {isa = PBXFileReference; fileEncoding = 4; lastKnownFileType = sourcecode.c.objc; path = JCTabBarController.m; sourceTree = "<group>"; };
		1DE92DF31CDC7BC900E8DC69 /* JCTabBar.h */ = {isa = PBXFileReference; fileEncoding = 4; lastKnownFileType = sourcecode.c.h; path = JCTabBar.h; sourceTree = "<group>"; };
		1DE92DF41CDC7BC900E8DC69 /* JCTabBar.m */ = {isa = PBXFileReference; fileEncoding = 4; lastKnownFileType = sourcecode.c.objc; path = JCTabBar.m; sourceTree = "<group>"; };
		1DE92DF71CDC7BC900E8DC69 /* JCMeViewController.h */ = {isa = PBXFileReference; fileEncoding = 4; lastKnownFileType = sourcecode.c.h; path = JCMeViewController.h; sourceTree = "<group>"; };
		1DE92DF81CDC7BC900E8DC69 /* JCMeViewController.m */ = {isa = PBXFileReference; fileEncoding = 4; lastKnownFileType = sourcecode.c.objc; path = JCMeViewController.m; sourceTree = "<group>"; };
		1DE92DFD1CDC7BC900E8DC69 /* JCNewPostsController.h */ = {isa = PBXFileReference; fileEncoding = 4; lastKnownFileType = sourcecode.c.h; path = JCNewPostsController.h; sourceTree = "<group>"; };
		1DE92DFE1CDC7BC900E8DC69 /* JCNewPostsController.m */ = {isa = PBXFileReference; fileEncoding = 4; lastKnownFileType = sourcecode.c.objc; path = JCNewPostsController.m; sourceTree = "<group>"; };
		1DE92E021CDC7BC900E8DC69 /* AppDelegate.h */ = {isa = PBXFileReference; fileEncoding = 4; lastKnownFileType = sourcecode.c.h; path = AppDelegate.h; sourceTree = "<group>"; };
		1DE92E031CDC7BC900E8DC69 /* AppDelegate.m */ = {isa = PBXFileReference; fileEncoding = 4; lastKnownFileType = sourcecode.c.objc; path = AppDelegate.m; sourceTree = "<group>"; };
		1DE92E041CDC7BC900E8DC69 /* main.m */ = {isa = PBXFileReference; fileEncoding = 4; lastKnownFileType = sourcecode.c.objc; path = main.m; sourceTree = "<group>"; };
		1DE92E051CDC7BC900E8DC69 /* PrefixHeader.pch */ = {isa = PBXFileReference; fileEncoding = 4; lastKnownFileType = sourcecode.c.h; path = PrefixHeader.pch; sourceTree = "<group>"; };
		1DE92E061CDC7BC900E8DC69 /* UIView+JCExtension.h */ = {isa = PBXFileReference; fileEncoding = 4; lastKnownFileType = sourcecode.c.h; name = "UIView+JCExtension.h"; path = "../UIView+JCExtension.h"; sourceTree = "<group>"; };
		1DE92E071CDC7BC900E8DC69 /* UIView+JCExtension.m */ = {isa = PBXFileReference; fileEncoding = 4; lastKnownFileType = sourcecode.c.objc; name = "UIView+JCExtension.m"; path = "../UIView+JCExtension.m"; sourceTree = "<group>"; };
		1DE92E111CDC7C3E00E8DC69 /* JCNavigationController.h */ = {isa = PBXFileReference; fileEncoding = 4; lastKnownFileType = sourcecode.c.h; path = JCNavigationController.h; sourceTree = "<group>"; };
		1DE92E121CDC7C3E00E8DC69 /* JCNavigationController.m */ = {isa = PBXFileReference; fileEncoding = 4; lastKnownFileType = sourcecode.c.objc; path = JCNavigationController.m; sourceTree = "<group>"; };
		1DE92E181CDD727600E8DC69 /* UIBarButtonItem+JCNavigationItem.h */ = {isa = PBXFileReference; fileEncoding = 4; lastKnownFileType = sourcecode.c.h; path = "UIBarButtonItem+JCNavigationItem.h"; sourceTree = "<group>"; };
		1DE92E191CDD727600E8DC69 /* UIBarButtonItem+JCNavigationItem.m */ = {isa = PBXFileReference; fileEncoding = 4; lastKnownFileType = sourcecode.c.objc; path = "UIBarButtonItem+JCNavigationItem.m"; sourceTree = "<group>"; };
		1DE92E1B1CDDDD2900E8DC69 /* JCFriendTrendsController.xib */ = {isa = PBXFileReference; fileEncoding = 4; lastKnownFileType = file.xib; path = JCFriendTrendsController.xib; sourceTree = "<group>"; };
		1DE92E1D1CDDE57A00E8DC69 /* JCRecommendViewController.h */ = {isa = PBXFileReference; fileEncoding = 4; lastKnownFileType = sourcecode.c.h; path = JCRecommendViewController.h; sourceTree = "<group>"; };
		1DE92E1E1CDDE57A00E8DC69 /* JCRecommendViewController.m */ = {isa = PBXFileReference; fileEncoding = 4; lastKnownFileType = sourcecode.c.objc; path = JCRecommendViewController.m; sourceTree = "<group>"; };
		1DE92E1F1CDDE57A00E8DC69 /* JCRecommendViewController.xib */ = {isa = PBXFileReference; fileEncoding = 4; lastKnownFileType = file.xib; path = JCRecommendViewController.xib; sourceTree = "<group>"; };
		1DE92E221CDE1BEB00E8DC69 /* JCRecommandCategory.h */ = {isa = PBXFileReference; fileEncoding = 4; lastKnownFileType = sourcecode.c.h; path = JCRecommandCategory.h; sourceTree = "<group>"; };
		1DE92E231CDE1BEB00E8DC69 /* JCRecommandCategory.m */ = {isa = PBXFileReference; fileEncoding = 4; lastKnownFileType = sourcecode.c.objc; path = JCRecommandCategory.m; sourceTree = "<group>"; };
		1DE92E2A1CDE324E00E8DC69 /* JCRecommendCategoryCell.h */ = {isa = PBXFileReference; fileEncoding = 4; lastKnownFileType = sourcecode.c.h; path = JCRecommendCategoryCell.h; sourceTree = "<group>"; };
		1DE92E2B1CDE324E00E8DC69 /* JCRecommendCategoryCell.m */ = {isa = PBXFileReference; fileEncoding = 4; lastKnownFileType = sourcecode.c.objc; path = JCRecommendCategoryCell.m; sourceTree = "<group>"; };
		1DE92E2C1CDE324E00E8DC69 /* JCRecommendCategoryCell.xib */ = {isa = PBXFileReference; fileEncoding = 4; lastKnownFileType = file.xib; path = JCRecommendCategoryCell.xib; sourceTree = "<group>"; };
		1DE92E2F1CDEE51300E8DC69 /* JCRecommendUserCell.h */ = {isa = PBXFileReference; fileEncoding = 4; lastKnownFileType = sourcecode.c.h; path = JCRecommendUserCell.h; sourceTree = "<group>"; };
		1DE92E301CDEE51300E8DC69 /* JCRecommendUserCell.m */ = {isa = PBXFileReference; fileEncoding = 4; lastKnownFileType = sourcecode.c.objc; path = JCRecommendUserCell.m; sourceTree = "<group>"; };
		1DE92E311CDEE51300E8DC69 /* JCRecommendUserCell.xib */ = {isa = PBXFileReference; fileEncoding = 4; lastKnownFileType = file.xib; path = JCRecommendUserCell.xib; sourceTree = "<group>"; };
		1DE92E341CDEFACA00E8DC69 /* JCRecommandUser.h */ = {isa = PBXFileReference; fileEncoding = 4; lastKnownFileType = sourcecode.c.h; path = JCRecommandUser.h; sourceTree = "<group>"; };
		1DE92E351CDEFACA00E8DC69 /* JCRecommandUser.m */ = {isa = PBXFileReference; fileEncoding = 4; lastKnownFileType = sourcecode.c.objc; path = JCRecommandUser.m; sourceTree = "<group>"; };
		1DF246481CE4CEF90052C8C9 /* JCLoginController.h */ = {isa = PBXFileReference; fileEncoding = 4; lastKnownFileType = sourcecode.c.h; path = JCLoginController.h; sourceTree = "<group>"; };
		1DF246491CE4CEF90052C8C9 /* JCLoginController.m */ = {isa = PBXFileReference; fileEncoding = 4; lastKnownFileType = sourcecode.c.objc; path = JCLoginController.m; sourceTree = "<group>"; };
		1DF2464A1CE4CEF90052C8C9 /* JCLoginController.xib */ = {isa = PBXFileReference; fileEncoding = 4; lastKnownFileType = file.xib; path = JCLoginController.xib; sourceTree = "<group>"; };
		3705500F3C4F84EEC0C2A7A0 /* Pods.release.xcconfig */ = {isa = PBXFileReference; includeInIndex = 1; lastKnownFileType = text.xcconfig; name = Pods.release.xcconfig; path = "Pods/Target Support Files/Pods/Pods.release.xcconfig"; sourceTree = "<group>"; };
		C2354B0610C5567617448666 /* Pods.debug.xcconfig */ = {isa = PBXFileReference; includeInIndex = 1; lastKnownFileType = text.xcconfig; name = Pods.debug.xcconfig; path = "Pods/Target Support Files/Pods/Pods.debug.xcconfig"; sourceTree = "<group>"; };
		C6366FD6CA2C64F318DADAE1 /* libPods.a */ = {isa = PBXFileReference; explicitFileType = archive.ar; includeInIndex = 0; path = libPods.a; sourceTree = BUILT_PRODUCTS_DIR; };
/* End PBXFileReference section */

/* Begin PBXFrameworksBuildPhase section */
		1D0C88261CDA4CCC00CF9264 /* Frameworks */ = {
			isa = PBXFrameworksBuildPhase;
			buildActionMask = 2147483647;
			files = (
				F16AE5D36B28B6EC395DD92D /* libPods.a in Frameworks */,
			);
			runOnlyForDeploymentPostprocessing = 0;
		};
		1D0C883F1CDA4CCC00CF9264 /* Frameworks */ = {
			isa = PBXFrameworksBuildPhase;
			buildActionMask = 2147483647;
			files = (
			);
			runOnlyForDeploymentPostprocessing = 0;
		};
		1D0C884A1CDA4CCC00CF9264 /* Frameworks */ = {
			isa = PBXFrameworksBuildPhase;
			buildActionMask = 2147483647;
			files = (
			);
			runOnlyForDeploymentPostprocessing = 0;
		};
/* End PBXFrameworksBuildPhase section */

/* Begin PBXGroup section */
		1B4931571B34CF0E0E57CC26 /* Pods */ = {
			isa = PBXGroup;
			children = (
				C2354B0610C5567617448666 /* Pods.debug.xcconfig */,
				3705500F3C4F84EEC0C2A7A0 /* Pods.release.xcconfig */,
			);
			name = Pods;
			sourceTree = "<group>";
		};
		1D0C88201CDA4CCB00CF9264 = {
			isa = PBXGroup;
			children = (
				1D0C882B1CDA4CCC00CF9264 /* 百思 */,
				1D0C88451CDA4CCC00CF9264 /* 百思Tests */,
				1D0C88501CDA4CCC00CF9264 /* 百思UITests */,
				1D0C882A1CDA4CCC00CF9264 /* Products */,
				1B4931571B34CF0E0E57CC26 /* Pods */,
				D28425093C24AB79B079BFFD /* Frameworks */,
			);
			sourceTree = "<group>";
		};
		1D0C882A1CDA4CCC00CF9264 /* Products */ = {
			isa = PBXGroup;
			children = (
				1D0C88291CDA4CCC00CF9264 /* 百思.app */,
				1D0C88421CDA4CCC00CF9264 /* 百思Tests.xctest */,
				1D0C884D1CDA4CCC00CF9264 /* 百思UITests.xctest */,
			);
			name = Products;
			sourceTree = "<group>";
		};
		1D0C882B1CDA4CCC00CF9264 /* 百思 */ = {
			isa = PBXGroup;
			children = (
				1DE92DE01CDC7BC900E8DC69 /* Classes */,
				1D0C88381CDA4CCC00CF9264 /* Assets.xcassets */,
				1D0C883D1CDA4CCC00CF9264 /* Info.plist */,
				1D0C882C1CDA4CCC00CF9264 /* Supporting Files */,
			);
			path = "百思";
			sourceTree = "<group>";
		};
		1D0C882C1CDA4CCC00CF9264 /* Supporting Files */ = {
			isa = PBXGroup;
			children = (
			);
			name = "Supporting Files";
			sourceTree = "<group>";
		};
		1D0C88451CDA4CCC00CF9264 /* 百思Tests */ = {
			isa = PBXGroup;
			children = (
				1D0C88461CDA4CCC00CF9264 /* __Tests.m */,
				1D0C88481CDA4CCC00CF9264 /* Info.plist */,
			);
			path = "百思Tests";
			sourceTree = "<group>";
		};
		1D0C88501CDA4CCC00CF9264 /* 百思UITests */ = {
			isa = PBXGroup;
			children = (
				1D0C88511CDA4CCC00CF9264 /* __UITests.m */,
				1D0C88531CDA4CCC00CF9264 /* Info.plist */,
			);
			path = "百思UITests";
			sourceTree = "<group>";
		};
		1D16F2F11CE958B20011A88A /* View */ = {
			isa = PBXGroup;
			children = (
				1D16F2F21CE958C90011A88A /* JCPushView.h */,
				1D16F2F31CE958C90011A88A /* JCPushView.m */,
				1D16F2F51CE958D80011A88A /* JCPushView.xib */,
			);
			path = View;
			sourceTree = "<group>";
		};
		1DE92DE01CDC7BC900E8DC69 /* Classes */ = {
			isa = PBXGroup;
			children = (
				1DE92DE11CDC7BC900E8DC69 /* Essence-(精华) */,
				1DE92DE71CDC7BC900E8DC69 /* FriendTrends-(关注) */,
				1DE92DED1CDC7BC900E8DC69 /* Main */,
				1DE92DF51CDC7BC900E8DC69 /* Me-(我) */,
				1DE92DFB1CDC7BC900E8DC69 /* NewPosts-(新帖) */,
				1DE92E011CDC7BC900E8DC69 /* Other */,
			);
			path = Classes;
			sourceTree = "<group>";
		};
		1DE92DE11CDC7BC900E8DC69 /* Essence-(精华) */ = {
			isa = PBXGroup;
			children = (
				1DE92DE21CDC7BC900E8DC69 /* Controller */,
				1DE92DE51CDC7BC900E8DC69 /* Model */,
				1DE92DE61CDC7BC900E8DC69 /* View */,
			);
			path = "Essence-(精华)";
			sourceTree = "<group>";
		};
		1DE92DE21CDC7BC900E8DC69 /* Controller */ = {
			isa = PBXGroup;
			children = (
				1DE92DE31CDC7BC900E8DC69 /* JCEssenceController.h */,
				1DE92DE41CDC7BC900E8DC69 /* JCEssenceController.m */,
				1D07C04D1CE2B8DE00DA2D0E /* JCRecommendTagsViewController.h */,
				1D07C04E1CE2B8DE00DA2D0E /* JCRecommendTagsViewController.m */,
			);
			path = Controller;
			sourceTree = "<group>";
		};
		1DE92DE51CDC7BC900E8DC69 /* Model */ = {
			isa = PBXGroup;
			children = (
				1D07C0501CE36A6600DA2D0E /* JCTag.h */,
				1D07C0511CE36A6600DA2D0E /* JCTag.m */,
			);
			path = Model;
			sourceTree = "<group>";
		};
		1DE92DE61CDC7BC900E8DC69 /* View */ = {
			isa = PBXGroup;
			children = (
				1D07C0531CE36BC000DA2D0E /* JCTagCell.h */,
				1D07C0541CE36BC000DA2D0E /* JCTagCell.m */,
				1D07C0551CE36BC000DA2D0E /* JCTagCell.xib */,
			);
			path = View;
			sourceTree = "<group>";
		};
		1DE92DE71CDC7BC900E8DC69 /* FriendTrends-(关注) */ = {
			isa = PBXGroup;
			children = (
				1DE92DE81CDC7BC900E8DC69 /* Controller */,
				1DE92DEB1CDC7BC900E8DC69 /* Model */,
				1DE92DEC1CDC7BC900E8DC69 /* View */,
			);
			path = "FriendTrends-(关注)";
			sourceTree = "<group>";
		};
		1DE92DE81CDC7BC900E8DC69 /* Controller */ = {
			isa = PBXGroup;
			children = (
				1DE92DE91CDC7BC900E8DC69 /* JCFriendTrendsController.h */,
				1DE92DEA1CDC7BC900E8DC69 /* JCFriendTrendsController.m */,
				1DE92E1B1CDDDD2900E8DC69 /* JCFriendTrendsController.xib */,
				1DE92E1D1CDDE57A00E8DC69 /* JCRecommendViewController.h */,
				1DE92E1E1CDDE57A00E8DC69 /* JCRecommendViewController.m */,
				1DE92E1F1CDDE57A00E8DC69 /* JCRecommendViewController.xib */,
				1DF246481CE4CEF90052C8C9 /* JCLoginController.h */,
				1DF246491CE4CEF90052C8C9 /* JCLoginController.m */,
				1DF2464A1CE4CEF90052C8C9 /* JCLoginController.xib */,
			);
			path = Controller;
			sourceTree = "<group>";
		};
		1DE92DEB1CDC7BC900E8DC69 /* Model */ = {
			isa = PBXGroup;
			children = (
				1DE92E221CDE1BEB00E8DC69 /* JCRecommandCategory.h */,
				1DE92E231CDE1BEB00E8DC69 /* JCRecommandCategory.m */,
				1DE92E341CDEFACA00E8DC69 /* JCRecommandUser.h */,
				1DE92E351CDEFACA00E8DC69 /* JCRecommandUser.m */,
			);
			path = Model;
			sourceTree = "<group>";
		};
		1DE92DEC1CDC7BC900E8DC69 /* View */ = {
			isa = PBXGroup;
			children = (
				1DE92E2A1CDE324E00E8DC69 /* JCRecommendCategoryCell.h */,
				1DE92E2B1CDE324E00E8DC69 /* JCRecommendCategoryCell.m */,
				1DE92E2C1CDE324E00E8DC69 /* JCRecommendCategoryCell.xib */,
				1DE92E2F1CDEE51300E8DC69 /* JCRecommendUserCell.h */,
				1DE92E301CDEE51300E8DC69 /* JCRecommendUserCell.m */,
				1DE92E311CDEE51300E8DC69 /* JCRecommendUserCell.xib */,
				1D16F2E81CE776580011A88A /* JCQuickLoginBtn.h */,
				1D16F2E91CE776580011A88A /* JCQuickLoginBtn.m */,
				1D16F2EB1CE828F40011A88A /* JCTextField.h */,
				1D16F2EC1CE828F40011A88A /* JCTextField.m */,
				1D16F2EE1CE846800011A88A /* JCLoginBtn.h */,
				1D16F2EF1CE846800011A88A /* JCLoginBtn.m */,
			);
			path = View;
			sourceTree = "<group>";
		};
		1DE92DED1CDC7BC900E8DC69 /* Main */ = {
			isa = PBXGroup;
			children = (
				1DE92DEE1CDC7BC900E8DC69 /* Controller */,
				1DE92DF11CDC7BC900E8DC69 /* Model */,
				1DE92DF21CDC7BC900E8DC69 /* View */,
			);
			path = Main;
			sourceTree = "<group>";
		};
		1DE92DEE1CDC7BC900E8DC69 /* Controller */ = {
			isa = PBXGroup;
			children = (
				1DE92DEF1CDC7BC900E8DC69 /* JCTabBarController.h */,
				1DE92DF01CDC7BC900E8DC69 /* JCTabBarController.m */,
				1DE92E111CDC7C3E00E8DC69 /* JCNavigationController.h */,
				1DE92E121CDC7C3E00E8DC69 /* JCNavigationController.m */,
			);
			path = Controller;
			sourceTree = "<group>";
		};
		1DE92DF11CDC7BC900E8DC69 /* Model */ = {
			isa = PBXGroup;
			children = (
			);
			path = Model;
			sourceTree = "<group>";
		};
		1DE92DF21CDC7BC900E8DC69 /* View */ = {
			isa = PBXGroup;
			children = (
				1DE92DF31CDC7BC900E8DC69 /* JCTabBar.h */,
				1DE92DF41CDC7BC900E8DC69 /* JCTabBar.m */,
			);
			path = View;
			sourceTree = "<group>";
		};
		1DE92DF51CDC7BC900E8DC69 /* Me-(我) */ = {
			isa = PBXGroup;
			children = (
				1DE92DF61CDC7BC900E8DC69 /* Controller */,
				1DE92DF91CDC7BC900E8DC69 /* Model */,
				1DE92DFA1CDC7BC900E8DC69 /* View */,
			);
			path = "Me-(我)";
			sourceTree = "<group>";
		};
		1DE92DF61CDC7BC900E8DC69 /* Controller */ = {
			isa = PBXGroup;
			children = (
				1DE92DF71CDC7BC900E8DC69 /* JCMeViewController.h */,
				1DE92DF81CDC7BC900E8DC69 /* JCMeViewController.m */,
			);
			path = Controller;
			sourceTree = "<group>";
		};
		1DE92DF91CDC7BC900E8DC69 /* Model */ = {
			isa = PBXGroup;
			children = (
			);
			path = Model;
			sourceTree = "<group>";
		};
		1DE92DFA1CDC7BC900E8DC69 /* View */ = {
			isa = PBXGroup;
			children = (
			);
			path = View;
			sourceTree = "<group>";
		};
		1DE92DFB1CDC7BC900E8DC69 /* NewPosts-(新帖) */ = {
			isa = PBXGroup;
			children = (
				1DE92DFC1CDC7BC900E8DC69 /* Controller */,
				1DE92DFF1CDC7BC900E8DC69 /* Model */,
				1DE92E001CDC7BC900E8DC69 /* View */,
			);
			path = "NewPosts-(新帖)";
			sourceTree = "<group>";
		};
		1DE92DFC1CDC7BC900E8DC69 /* Controller */ = {
			isa = PBXGroup;
			children = (
				1DE92DFD1CDC7BC900E8DC69 /* JCNewPostsController.h */,
				1DE92DFE1CDC7BC900E8DC69 /* JCNewPostsController.m */,
			);
			path = Controller;
			sourceTree = "<group>";
		};
		1DE92DFF1CDC7BC900E8DC69 /* Model */ = {
			isa = PBXGroup;
			children = (
			);
			path = Model;
			sourceTree = "<group>";
		};
		1DE92E001CDC7BC900E8DC69 /* View */ = {
			isa = PBXGroup;
			children = (
			);
			path = View;
			sourceTree = "<group>";
		};
		1DE92E011CDC7BC900E8DC69 /* Other */ = {
			isa = PBXGroup;
			children = (
				1D16F2F11CE958B20011A88A /* View */,
				1DE92E171CDD727600E8DC69 /* Categery */,
				1DE92E021CDC7BC900E8DC69 /* AppDelegate.h */,
				1DE92E031CDC7BC900E8DC69 /* AppDelegate.m */,
				1DE92E041CDC7BC900E8DC69 /* main.m */,
				1DE92E051CDC7BC900E8DC69 /* PrefixHeader.pch */,
			);
			path = Other;
			sourceTree = "<group>";
		};
		1DE92E171CDD727600E8DC69 /* Categery */ = {
			isa = PBXGroup;
			children = (
				1DE92E061CDC7BC900E8DC69 /* UIView+JCExtension.h */,
				1DE92E071CDC7BC900E8DC69 /* UIView+JCExtension.m */,
				1DE92E181CDD727600E8DC69 /* UIBarButtonItem+JCNavigationItem.h */,
				1DE92E191CDD727600E8DC69 /* UIBarButtonItem+JCNavigationItem.m */,
			);
			path = Categery;
			sourceTree = "<group>";
		};
		D28425093C24AB79B079BFFD /* Frameworks */ = {
			isa = PBXGroup;
			children = (
				C6366FD6CA2C64F318DADAE1 /* libPods.a */,
			);
			name = Frameworks;
			sourceTree = "<group>";
		};
/* End PBXGroup section */

/* Begin PBXNativeTarget section */
		1D0C88281CDA4CCC00CF9264 /* 百思 */ = {
			isa = PBXNativeTarget;
			buildConfigurationList = 1D0C88561CDA4CCC00CF9264 /* Build configuration list for PBXNativeTarget "百思" */;
			buildPhases = (
				9946341E07C4802CA1CBDF29 /* Check Pods Manifest.lock */,
				1D0C88251CDA4CCC00CF9264 /* Sources */,
				1D0C88261CDA4CCC00CF9264 /* Frameworks */,
				1D0C88271CDA4CCC00CF9264 /* Resources */,
				AD349BD205481D6E40F92987 /* Embed Pods Frameworks */,
				3AABEA5524E40B17FF01BEC0 /* Copy Pods Resources */,
			);
			buildRules = (
			);
			dependencies = (
			);
			name = "百思";
			productName = "百思";
			productReference = 1D0C88291CDA4CCC00CF9264 /* 百思.app */;
			productType = "com.apple.product-type.application";
		};
		1D0C88411CDA4CCC00CF9264 /* 百思Tests */ = {
			isa = PBXNativeTarget;
			buildConfigurationList = 1D0C88591CDA4CCC00CF9264 /* Build configuration list for PBXNativeTarget "百思Tests" */;
			buildPhases = (
				1D0C883E1CDA4CCC00CF9264 /* Sources */,
				1D0C883F1CDA4CCC00CF9264 /* Frameworks */,
				1D0C88401CDA4CCC00CF9264 /* Resources */,
			);
			buildRules = (
			);
			dependencies = (
				1D0C88441CDA4CCC00CF9264 /* PBXTargetDependency */,
			);
			name = "百思Tests";
			productName = "百思Tests";
			productReference = 1D0C88421CDA4CCC00CF9264 /* 百思Tests.xctest */;
			productType = "com.apple.product-type.bundle.unit-test";
		};
		1D0C884C1CDA4CCC00CF9264 /* 百思UITests */ = {
			isa = PBXNativeTarget;
			buildConfigurationList = 1D0C885C1CDA4CCC00CF9264 /* Build configuration list for PBXNativeTarget "百思UITests" */;
			buildPhases = (
				1D0C88491CDA4CCC00CF9264 /* Sources */,
				1D0C884A1CDA4CCC00CF9264 /* Frameworks */,
				1D0C884B1CDA4CCC00CF9264 /* Resources */,
			);
			buildRules = (
			);
			dependencies = (
				1D0C884F1CDA4CCC00CF9264 /* PBXTargetDependency */,
			);
			name = "百思UITests";
			productName = "百思UITests";
			productReference = 1D0C884D1CDA4CCC00CF9264 /* 百思UITests.xctest */;
			productType = "com.apple.product-type.bundle.ui-testing";
		};
/* End PBXNativeTarget section */

/* Begin PBXProject section */
		1D0C88211CDA4CCC00CF9264 /* Project object */ = {
			isa = PBXProject;
			attributes = {
				CLASSPREFIX = JC;
				LastUpgradeCheck = 0730;
				ORGANIZATIONNAME = mr.w;
				TargetAttributes = {
					1D0C88281CDA4CCC00CF9264 = {
						CreatedOnToolsVersion = 7.3;
						DevelopmentTeam = 3S44PA78TJ;
					};
					1D0C88411CDA4CCC00CF9264 = {
						CreatedOnToolsVersion = 7.3;
						DevelopmentTeam = 3S44PA78TJ;
						TestTargetID = 1D0C88281CDA4CCC00CF9264;
					};
					1D0C884C1CDA4CCC00CF9264 = {
						CreatedOnToolsVersion = 7.3;
						DevelopmentTeam = 3S44PA78TJ;
						TestTargetID = 1D0C88281CDA4CCC00CF9264;
					};
				};
			};
			buildConfigurationList = 1D0C88241CDA4CCC00CF9264 /* Build configuration list for PBXProject "百思" */;
			compatibilityVersion = "Xcode 3.2";
			developmentRegion = English;
			hasScannedForEncodings = 0;
			knownRegions = (
				en,
				Base,
			);
			mainGroup = 1D0C88201CDA4CCB00CF9264;
			productRefGroup = 1D0C882A1CDA4CCC00CF9264 /* Products */;
			projectDirPath = "";
			projectRoot = "";
			targets = (
				1D0C88281CDA4CCC00CF9264 /* 百思 */,
				1D0C88411CDA4CCC00CF9264 /* 百思Tests */,
				1D0C884C1CDA4CCC00CF9264 /* 百思UITests */,
			);
		};
/* End PBXProject section */

/* Begin PBXResourcesBuildPhase section */
		1D0C88271CDA4CCC00CF9264 /* Resources */ = {
			isa = PBXResourcesBuildPhase;
			buildActionMask = 2147483647;
			files = (
				1DE92E1C1CDDDD2900E8DC69 /* JCFriendTrendsController.xib in Resources */,
				1DE92E2E1CDE324E00E8DC69 /* JCRecommendCategoryCell.xib in Resources */,
				1DE92E211CDDE57A00E8DC69 /* JCRecommendViewController.xib in Resources */,
				1DF2464C1CE4CEF90052C8C9 /* JCLoginController.xib in Resources */,
				1D0C88391CDA4CCC00CF9264 /* Assets.xcassets in Resources */,
				1DE92E331CDEE51300E8DC69 /* JCRecommendUserCell.xib in Resources */,
				1D07C0571CE36BC000DA2D0E /* JCTagCell.xib in Resources */,
				1D16F2F61CE958D80011A88A /* JCPushView.xib in Resources */,
			);
			runOnlyForDeploymentPostprocessing = 0;
		};
		1D0C88401CDA4CCC00CF9264 /* Resources */ = {
			isa = PBXResourcesBuildPhase;
			buildActionMask = 2147483647;
			files = (
			);
			runOnlyForDeploymentPostprocessing = 0;
		};
		1D0C884B1CDA4CCC00CF9264 /* Resources */ = {
			isa = PBXResourcesBuildPhase;
			buildActionMask = 2147483647;
			files = (
			);
			runOnlyForDeploymentPostprocessing = 0;
		};
/* End PBXResourcesBuildPhase section */

/* Begin PBXShellScriptBuildPhase section */
		3AABEA5524E40B17FF01BEC0 /* Copy Pods Resources */ = {
			isa = PBXShellScriptBuildPhase;
			buildActionMask = 2147483647;
			files = (
			);
			inputPaths = (
			);
			name = "Copy Pods Resources";
			outputPaths = (
			);
			runOnlyForDeploymentPostprocessing = 0;
			shellPath = /bin/sh;
			shellScript = "\"${SRCROOT}/Pods/Target Support Files/Pods/Pods-resources.sh\"\n";
			showEnvVarsInLog = 0;
		};
		9946341E07C4802CA1CBDF29 /* Check Pods Manifest.lock */ = {
			isa = PBXShellScriptBuildPhase;
			buildActionMask = 2147483647;
			files = (
			);
			inputPaths = (
			);
			name = "Check Pods Manifest.lock";
			outputPaths = (
			);
			runOnlyForDeploymentPostprocessing = 0;
			shellPath = /bin/sh;
			shellScript = "diff \"${PODS_ROOT}/../Podfile.lock\" \"${PODS_ROOT}/Manifest.lock\" > /dev/null\nif [[ $? != 0 ]] ; then\n    cat << EOM\nerror: The sandbox is not in sync with the Podfile.lock. Run 'pod install' or update your CocoaPods installation.\nEOM\n    exit 1\nfi\n";
			showEnvVarsInLog = 0;
		};
		AD349BD205481D6E40F92987 /* Embed Pods Frameworks */ = {
			isa = PBXShellScriptBuildPhase;
			buildActionMask = 2147483647;
			files = (
			);
			inputPaths = (
			);
			name = "Embed Pods Frameworks";
			outputPaths = (
			);
			runOnlyForDeploymentPostprocessing = 0;
			shellPath = /bin/sh;
			shellScript = "\"${SRCROOT}/Pods/Target Support Files/Pods/Pods-frameworks.sh\"\n";
			showEnvVarsInLog = 0;
		};
/* End PBXShellScriptBuildPhase section */

/* Begin PBXSourcesBuildPhase section */
		1D0C88251CDA4CCC00CF9264 /* Sources */ = {
			isa = PBXSourcesBuildPhase;
			buildActionMask = 2147483647;
			files = (
				1D16F2F01CE846800011A88A /* JCLoginBtn.m in Sources */,
				1DF2464B1CE4CEF90052C8C9 /* JCLoginController.m in Sources */,
				1DE92E101CDC7BC900E8DC69 /* UIView+JCExtension.m in Sources */,
				1DE92E091CDC7BC900E8DC69 /* JCFriendTrendsController.m in Sources */,
				1DE92E1A1CDD727600E8DC69 /* UIBarButtonItem+JCNavigationItem.m in Sources */,
				1D07C0521CE36A6600DA2D0E /* JCTag.m in Sources */,
				1DE92E0D1CDC7BC900E8DC69 /* JCNewPostsController.m in Sources */,
				1DE92E321CDEE51300E8DC69 /* JCRecommendUserCell.m in Sources */,
				1D16F2EA1CE776580011A88A /* JCQuickLoginBtn.m in Sources */,
				1DE92E081CDC7BC900E8DC69 /* JCEssenceController.m in Sources */,
				1DE92E0C1CDC7BC900E8DC69 /* JCMeViewController.m in Sources */,
				1D07C0561CE36BC000DA2D0E /* JCTagCell.m in Sources */,
				1DE92E0B1CDC7BC900E8DC69 /* JCTabBar.m in Sources */,
				1DE92E0A1CDC7BC900E8DC69 /* JCTabBarController.m in Sources */,
				1DE92E201CDDE57A00E8DC69 /* JCRecommendViewController.m in Sources */,
				1DE92E2D1CDE324E00E8DC69 /* JCRecommendCategoryCell.m in Sources */,
				1DE92E0F1CDC7BC900E8DC69 /* main.m in Sources */,
				1DE92E131CDC7C3E00E8DC69 /* JCNavigationController.m in Sources */,
				1DE92E0E1CDC7BC900E8DC69 /* AppDelegate.m in Sources */,
				1DE92E361CDEFACA00E8DC69 /* JCRecommandUser.m in Sources */,
				1D07C04F1CE2B8DE00DA2D0E /* JCRecommendTagsViewController.m in Sources */,
				1D16F2ED1CE828F40011A88A /* JCTextField.m in Sources */,
				1DE92E241CDE1BEB00E8DC69 /* JCRecommandCategory.m in Sources */,
				1D16F2F41CE958C90011A88A /* JCPushView.m in Sources */,
			);
			runOnlyForDeploymentPostprocessing = 0;
		};
		1D0C883E1CDA4CCC00CF9264 /* Sources */ = {
			isa = PBXSourcesBuildPhase;
			buildActionMask = 2147483647;
			files = (
				1D0C88471CDA4CCC00CF9264 /* __Tests.m in Sources */,
			);
			runOnlyForDeploymentPostprocessing = 0;
		};
		1D0C88491CDA4CCC00CF9264 /* Sources */ = {
			isa = PBXSourcesBuildPhase;
			buildActionMask = 2147483647;
			files = (
				1D0C88521CDA4CCC00CF9264 /* __UITests.m in Sources */,
			);
			runOnlyForDeploymentPostprocessing = 0;
		};
/* End PBXSourcesBuildPhase section */

/* Begin PBXTargetDependency section */
		1D0C88441CDA4CCC00CF9264 /* PBXTargetDependency */ = {
			isa = PBXTargetDependency;
			target = 1D0C88281CDA4CCC00CF9264 /* 百思 */;
			targetProxy = 1D0C88431CDA4CCC00CF9264 /* PBXContainerItemProxy */;
		};
		1D0C884F1CDA4CCC00CF9264 /* PBXTargetDependency */ = {
			isa = PBXTargetDependency;
			target = 1D0C88281CDA4CCC00CF9264 /* 百思 */;
			targetProxy = 1D0C884E1CDA4CCC00CF9264 /* PBXContainerItemProxy */;
		};
/* End PBXTargetDependency section */

/* Begin XCBuildConfiguration section */
		1D0C88541CDA4CCC00CF9264 /* Debug */ = {
			isa = XCBuildConfiguration;
			buildSettings = {
				ALWAYS_SEARCH_USER_PATHS = NO;
				CLANG_ANALYZER_NONNULL = YES;
				CLANG_CXX_LANGUAGE_STANDARD = "gnu++0x";
				CLANG_CXX_LIBRARY = "libc++";
				CLANG_ENABLE_MODULES = YES;
				CLANG_ENABLE_OBJC_ARC = YES;
				CLANG_WARN_BOOL_CONVERSION = YES;
				CLANG_WARN_CONSTANT_CONVERSION = YES;
				CLANG_WARN_DIRECT_OBJC_ISA_USAGE = YES_ERROR;
				CLANG_WARN_EMPTY_BODY = YES;
				CLANG_WARN_ENUM_CONVERSION = YES;
				CLANG_WARN_INT_CONVERSION = YES;
				CLANG_WARN_OBJC_ROOT_CLASS = YES_ERROR;
				CLANG_WARN_UNREACHABLE_CODE = YES;
				CLANG_WARN__DUPLICATE_METHOD_MATCH = YES;
				"CODE_SIGN_IDENTITY[sdk=iphoneos*]" = "iPhone Developer";
				COPY_PHASE_STRIP = NO;
				DEBUG_INFORMATION_FORMAT = dwarf;
				ENABLE_STRICT_OBJC_MSGSEND = YES;
				ENABLE_TESTABILITY = YES;
				GCC_C_LANGUAGE_STANDARD = gnu99;
				GCC_DYNAMIC_NO_PIC = NO;
				GCC_NO_COMMON_BLOCKS = YES;
				GCC_OPTIMIZATION_LEVEL = 0;
				GCC_PREPROCESSOR_DEFINITIONS = (
					"DEBUG=1",
					"$(inherited)",
				);
				GCC_WARN_64_TO_32_BIT_CONVERSION = YES;
				GCC_WARN_ABOUT_RETURN_TYPE = YES_ERROR;
				GCC_WARN_UNDECLARED_SELECTOR = YES;
				GCC_WARN_UNINITIALIZED_AUTOS = YES_AGGRESSIVE;
				GCC_WARN_UNUSED_FUNCTION = YES;
				GCC_WARN_UNUSED_VARIABLE = YES;
				IPHONEOS_DEPLOYMENT_TARGET = 9.3;
				MTL_ENABLE_DEBUG_INFO = YES;
				ONLY_ACTIVE_ARCH = YES;
				SDKROOT = iphoneos;
				TARGETED_DEVICE_FAMILY = "1,2";
			};
			name = Debug;
		};
		1D0C88551CDA4CCC00CF9264 /* Release */ = {
			isa = XCBuildConfiguration;
			buildSettings = {
				ALWAYS_SEARCH_USER_PATHS = NO;
				CLANG_ANALYZER_NONNULL = YES;
				CLANG_CXX_LANGUAGE_STANDARD = "gnu++0x";
				CLANG_CXX_LIBRARY = "libc++";
				CLANG_ENABLE_MODULES = YES;
				CLANG_ENABLE_OBJC_ARC = YES;
				CLANG_WARN_BOOL_CONVERSION = YES;
				CLANG_WARN_CONSTANT_CONVERSION = YES;
				CLANG_WARN_DIRECT_OBJC_ISA_USAGE = YES_ERROR;
				CLANG_WARN_EMPTY_BODY = YES;
				CLANG_WARN_ENUM_CONVERSION = YES;
				CLANG_WARN_INT_CONVERSION = YES;
				CLANG_WARN_OBJC_ROOT_CLASS = YES_ERROR;
				CLANG_WARN_UNREACHABLE_CODE = YES;
				CLANG_WARN__DUPLICATE_METHOD_MATCH = YES;
				"CODE_SIGN_IDENTITY[sdk=iphoneos*]" = "iPhone Developer";
				COPY_PHASE_STRIP = NO;
				DEBUG_INFORMATION_FORMAT = "dwarf-with-dsym";
				ENABLE_NS_ASSERTIONS = NO;
				ENABLE_STRICT_OBJC_MSGSEND = YES;
				GCC_C_LANGUAGE_STANDARD = gnu99;
				GCC_NO_COMMON_BLOCKS = YES;
				GCC_WARN_64_TO_32_BIT_CONVERSION = YES;
				GCC_WARN_ABOUT_RETURN_TYPE = YES_ERROR;
				GCC_WARN_UNDECLARED_SELECTOR = YES;
				GCC_WARN_UNINITIALIZED_AUTOS = YES_AGGRESSIVE;
				GCC_WARN_UNUSED_FUNCTION = YES;
				GCC_WARN_UNUSED_VARIABLE = YES;
				IPHONEOS_DEPLOYMENT_TARGET = 9.3;
				MTL_ENABLE_DEBUG_INFO = NO;
				SDKROOT = iphoneos;
				TARGETED_DEVICE_FAMILY = "1,2";
				VALIDATE_PRODUCT = YES;
			};
			name = Release;
		};
		1D0C88571CDA4CCC00CF9264 /* Debug */ = {
			isa = XCBuildConfiguration;
			baseConfigurationReference = C2354B0610C5567617448666 /* Pods.debug.xcconfig */;
			buildSettings = {
				ASSETCATALOG_COMPILER_APPICON_NAME = AppIcon;
				ASSETCATALOG_COMPILER_LAUNCHIMAGE_NAME = "Brand Assets";
				CLANG_ENABLE_OBJC_WEAK = YES;
				GCC_PREFIX_HEADER = "百思/Classes/Other/PrefixHeader.pch";
				INFOPLIST_FILE = "百思/Info.plist";
				IPHONEOS_DEPLOYMENT_TARGET = 8.1;
				LD_RUNPATH_SEARCH_PATHS = "$(inherited) @executable_path/Frameworks";
				PRODUCT_BUNDLE_IDENTIFIER = "GDUF-JC.--";
				PRODUCT_NAME = "$(TARGET_NAME)";
			};
			name = Debug;
		};
		1D0C88581CDA4CCC00CF9264 /* Release */ = {
			isa = XCBuildConfiguration;
			baseConfigurationReference = 3705500F3C4F84EEC0C2A7A0 /* Pods.release.xcconfig */;
			buildSettings = {
				ASSETCATALOG_COMPILER_APPICON_NAME = AppIcon;
				ASSETCATALOG_COMPILER_LAUNCHIMAGE_NAME = "Brand Assets";
				CLANG_ENABLE_OBJC_WEAK = YES;
				GCC_PREFIX_HEADER = "百思/Classes/Other/PrefixHeader.pch";
				INFOPLIST_FILE = "百思/Info.plist";
				IPHONEOS_DEPLOYMENT_TARGET = 8.1;
				LD_RUNPATH_SEARCH_PATHS = "$(inherited) @executable_path/Frameworks";
				PRODUCT_BUNDLE_IDENTIFIER = "GDUF-JC.--";
				PRODUCT_NAME = "$(TARGET_NAME)";
			};
			name = Release;
		};
		1D0C885A1CDA4CCC00CF9264 /* Debug */ = {
			isa = XCBuildConfiguration;
			buildSettings = {
				BUNDLE_LOADER = "$(TEST_HOST)";
				INFOPLIST_FILE = "百思Tests/Info.plist";
				LD_RUNPATH_SEARCH_PATHS = "$(inherited) @executable_path/Frameworks @loader_path/Frameworks";
				PRODUCT_BUNDLE_IDENTIFIER = "GDUF-JC.--Tests";
				PRODUCT_NAME = "$(TARGET_NAME)";
				TEST_HOST = "$(BUILT_PRODUCTS_DIR)/百思.app/百思";
			};
			name = Debug;
		};
		1D0C885B1CDA4CCC00CF9264 /* Release */ = {
			isa = XCBuildConfiguration;
			buildSettings = {
				BUNDLE_LOADER = "$(TEST_HOST)";
				INFOPLIST_FILE = "百思Tests/Info.plist";
				LD_RUNPATH_SEARCH_PATHS = "$(inherited) @executable_path/Frameworks @loader_path/Frameworks";
				PRODUCT_BUNDLE_IDENTIFIER = "GDUF-JC.--Tests";
				PRODUCT_NAME = "$(TARGET_NAME)";
				TEST_HOST = "$(BUILT_PRODUCTS_DIR)/百思.app/百思";
			};
			name = Release;
		};
		1D0C885D1CDA4CCC00CF9264 /* Debug */ = {
			isa = XCBuildConfiguration;
			buildSettings = {
				INFOPLIST_FILE = "百思UITests/Info.plist";
				LD_RUNPATH_SEARCH_PATHS = "$(inherited) @executable_path/Frameworks @loader_path/Frameworks";
				PRODUCT_BUNDLE_IDENTIFIER = "GDUF-JC.--UITests";
				PRODUCT_NAME = "$(TARGET_NAME)";
				TEST_TARGET_NAME = "百思";
			};
			name = Debug;
		};
		1D0C885E1CDA4CCC00CF9264 /* Release */ = {
			isa = XCBuildConfiguration;
			buildSettings = {
				INFOPLIST_FILE = "百思UITests/Info.plist";
				LD_RUNPATH_SEARCH_PATHS = "$(inherited) @executable_path/Frameworks @loader_path/Frameworks";
				PRODUCT_BUNDLE_IDENTIFIER = "GDUF-JC.--UITests";
				PRODUCT_NAME = "$(TARGET_NAME)";
				TEST_TARGET_NAME = "百思";
			};
			name = Release;
		};
/* End XCBuildConfiguration section */

/* Begin XCConfigurationList section */
		1D0C88241CDA4CCC00CF9264 /* Build configuration list for PBXProject "百思" */ = {
			isa = XCConfigurationList;
			buildConfigurations = (
				1D0C88541CDA4CCC00CF9264 /* Debug */,
				1D0C88551CDA4CCC00CF9264 /* Release */,
			);
			defaultConfigurationIsVisible = 0;
			defaultConfigurationName = Release;
		};
		1D0C88561CDA4CCC00CF9264 /* Build configuration list for PBXNativeTarget "百思" */ = {
			isa = XCConfigurationList;
			buildConfigurations = (
				1D0C88571CDA4CCC00CF9264 /* Debug */,
				1D0C88581CDA4CCC00CF9264 /* Release */,
			);
			defaultConfigurationIsVisible = 0;
			defaultConfigurationName = Release;
		};
		1D0C88591CDA4CCC00CF9264 /* Build configuration list for PBXNativeTarget "百思Tests" */ = {
			isa = XCConfigurationList;
			buildConfigurations = (
				1D0C885A1CDA4CCC00CF9264 /* Debug */,
				1D0C885B1CDA4CCC00CF9264 /* Release */,
			);
			defaultConfigurationIsVisible = 0;
			defaultConfigurationName = Release;
		};
		1D0C885C1CDA4CCC00CF9264 /* Build configuration list for PBXNativeTarget "百思UITests" */ = {
			isa = XCConfigurationList;
			buildConfigurations = (
				1D0C885D1CDA4CCC00CF9264 /* Debug */,
				1D0C885E1CDA4CCC00CF9264 /* Release */,
			);
			defaultConfigurationIsVisible = 0;
			defaultConfigurationName = Release;
		};
/* End XCConfigurationList section */
	};
	rootObject = 1D0C88211CDA4CCC00CF9264 /* Project object */;
}
